
Microsoft Visual Studio Solution File, Format Version 12.00
# Visual Studio Version 17
VisualStudioVersion = 17.0.31903.59
MinimumVisualStudioVersion = 10.0.40219.1
Project("{2150E333-8FDC-42A3-9474-1A3956D46DE8}") = "src", "src", "{EE62D72C-456A-4E96-9822-5A8DA5F0529B}"
EndProject
Project("{FAE04EC0-301F-11D3-BF4B-00C04F79EFBC}") = "CQRS.AspNet", "src\CQRS.AspNet\CQRS.AspNet.csproj", "{BDCD2B4A-9CE2-47EB-BA2D-5F4271BAD201}"
EndProject
Project("{FAE04EC0-301F-11D3-BF4B-00C04F79EFBC}") = "CQRS.AspNet.Example", "src\CQRS.AspNet.Example\CQRS.AspNet.Example.csproj", "{F9F63BFD-FD26-4D4E-BA85-193133BB1ABD}"
EndProject
Project("{FAE04EC0-301F-11D3-BF4B-00C04F79EFBC}") = "CQRS.AspNet.Tests", "src\CQRS.AspNet.Tests\CQRS.AspNet.Tests.csproj", "{EC3FC4FD-9AC3-4655-892F-DF019FD731FC}"
EndProject
Global
	GlobalSection(SolutionConfigurationPlatforms) = preSolution
		Debug|Any CPU = Debug|Any CPU
		Release|Any CPU = Release|Any CPU
	EndGlobalSection
	GlobalSection(ProjectConfigurationPlatforms) = postSolution
		{BDCD2B4A-9CE2-47EB-BA2D-5F4271BAD201}.Debug|Any CPU.ActiveCfg = Debug|Any CPU
		{BDCD2B4A-9CE2-47EB-BA2D-5F4271BAD201}.Debug|Any CPU.Build.0 = Debug|Any CPU
		{BDCD2B4A-9CE2-47EB-BA2D-5F4271BAD201}.Release|Any CPU.ActiveCfg = Release|Any CPU
		{BDCD2B4A-9CE2-47EB-BA2D-5F4271BAD201}.Release|Any CPU.Build.0 = Release|Any CPU
		{F9F63BFD-FD26-4D4E-BA85-193133BB1ABD}.Debug|Any CPU.ActiveCfg = Debug|Any CPU
		{F9F63BFD-FD26-4D4E-BA85-193133BB1ABD}.Debug|Any CPU.Build.0 = Debug|Any CPU
		{F9F63BFD-FD26-4D4E-BA85-193133BB1ABD}.Release|Any CPU.ActiveCfg = Release|Any CPU
		{F9F63BFD-FD26-4D4E-BA85-193133BB1ABD}.Release|Any CPU.Build.0 = Release|Any CPU
		{EC3FC4FD-9AC3-4655-892F-DF019FD731FC}.Debug|Any CPU.ActiveCfg = Debug|Any CPU
		{EC3FC4FD-9AC3-4655-892F-DF019FD731FC}.Debug|Any CPU.Build.0 = Debug|Any CPU
		{EC3FC4FD-9AC3-4655-892F-DF019FD731FC}.Release|Any CPU.ActiveCfg = Release|Any CPU
		{EC3FC4FD-9AC3-4655-892F-DF019FD731FC}.Release|Any CPU.Build.0 = Release|Any CPU
	EndGlobalSection
	GlobalSection(SolutionProperties) = preSolution
		HideSolutionNode = FALSE
	EndGlobalSection
	GlobalSection(NestedProjects) = preSolution
		{BDCD2B4A-9CE2-47EB-BA2D-5F4271BAD201} = {EE62D72C-456A-4E96-9822-5A8DA5F0529B}
		{F9F63BFD-FD26-4D4E-BA85-193133BB1ABD} = {EE62D72C-456A-4E96-9822-5A8DA5F0529B}
		{EC3FC4FD-9AC3-4655-892F-DF019FD731FC} = {EE62D72C-456A-4E96-9822-5A8DA5F0529B}
	EndGlobalSection
EndGlobal
